
Microsoft Visual Studio Solution File, Format Version 12.00
# Visual Studio 2013
VisualStudioVersion = 12.0.30324.0
MinimumVisualStudioVersion = 10.0.40219.1
Project("{FAE04EC0-301F-11D3-BF4B-00C04F79EFBC}") = "POC", "POC\POC\POC.csproj", "{320E3896-222E-4AD4-8693-C1F5405E87A7}"
EndProject
Project("{FAE04EC0-301F-11D3-BF4B-00C04F79EFBC}") = "POC.iOS", "POC\POC.iOS\POC.iOS.csproj", "{55250E39-0687-4B4E-83F2-AFDC7A54C336}"
EndProject
Project("{FAE04EC0-301F-11D3-BF4B-00C04F79EFBC}") = "POC.Android", "POC\POC.Android\POC.Android.csproj", "{BC76B2BF-7C0D-4716-A966-0537415EAD66}"
EndProject
Project("{FAE04EC0-301F-11D3-BF4B-00C04F79EFBC}") = "POC.WinPhone", "POC\POC.WinPhone\POC.WinPhone.csproj", "{7B4D58B7-498B-487E-B30B-50706DC2C92E}"
EndProject
Global
	GlobalSection(SolutionConfigurationPlatforms) = preSolution
		Ad-Hoc|Any CPU = Ad-Hoc|Any CPU
		Ad-Hoc|ARM = Ad-Hoc|ARM
		Ad-Hoc|iPhone = Ad-Hoc|iPhone
		Ad-Hoc|iPhoneSimulator = Ad-Hoc|iPhoneSimulator
		Ad-Hoc|Mixed Platforms = Ad-Hoc|Mixed Platforms
		Ad-Hoc|x86 = Ad-Hoc|x86
		AppStore|Any CPU = AppStore|Any CPU
		AppStore|ARM = AppStore|ARM
		AppStore|iPhone = AppStore|iPhone
		AppStore|iPhoneSimulator = AppStore|iPhoneSimulator
		AppStore|Mixed Platforms = AppStore|Mixed Platforms
		AppStore|x86 = AppStore|x86
		Debug|Any CPU = Debug|Any CPU
		Debug|ARM = Debug|ARM
		Debug|iPhone = Debug|iPhone
		Debug|iPhoneSimulator = Debug|iPhoneSimulator
		Debug|Mixed Platforms = Debug|Mixed Platforms
		Debug|x86 = Debug|x86
		Release|Any CPU = Release|Any CPU
		Release|ARM = Release|ARM
		Release|iPhone = Release|iPhone
		Release|iPhoneSimulator = Release|iPhoneSimulator
		Release|Mixed Platforms = Release|Mixed Platforms
		Release|x86 = Release|x86
	EndGlobalSection
	GlobalSection(ProjectConfigurationPlatforms) = postSolution
		{320E3896-222E-4AD4-8693-C1F5405E87A7}.Ad-Hoc|Any CPU.ActiveCfg = Release|Any CPU
		{320E3896-222E-4AD4-8693-C1F5405E87A7}.Ad-Hoc|Any CPU.Build.0 = Release|Any CPU
		{320E3896-222E-4AD4-8693-C1F5405E87A7}.Ad-Hoc|ARM.ActiveCfg = Release|Any CPU
		{320E3896-222E-4AD4-8693-C1F5405E87A7}.Ad-Hoc|iPhone.ActiveCfg = Release|Any CPU
		{320E3896-222E-4AD4-8693-C1F5405E87A7}.Ad-Hoc|iPhoneSimulator.ActiveCfg = Release|Any CPU
		{320E3896-222E-4AD4-8693-C1F5405E87A7}.Ad-Hoc|Mixed Platforms.ActiveCfg = Release|Any CPU
		{320E3896-222E-4AD4-8693-C1F5405E87A7}.Ad-Hoc|Mixed Platforms.Build.0 = Release|Any CPU
		{320E3896-222E-4AD4-8693-C1F5405E87A7}.Ad-Hoc|x86.ActiveCfg = Release|Any CPU
		{320E3896-222E-4AD4-8693-C1F5405E87A7}.AppStore|Any CPU.ActiveCfg = Release|Any CPU
		{320E3896-222E-4AD4-8693-C1F5405E87A7}.AppStore|Any CPU.Build.0 = Release|Any CPU
		{320E3896-222E-4AD4-8693-C1F5405E87A7}.AppStore|ARM.ActiveCfg = Release|Any CPU
		{320E3896-222E-4AD4-8693-C1F5405E87A7}.AppStore|iPhone.ActiveCfg = Release|Any CPU
		{320E3896-222E-4AD4-8693-C1F5405E87A7}.AppStore|iPhoneSimulator.ActiveCfg = Release|Any CPU
		{320E3896-222E-4AD4-8693-C1F5405E87A7}.AppStore|Mixed Platforms.ActiveCfg = Release|Any CPU
		{320E3896-222E-4AD4-8693-C1F5405E87A7}.AppStore|Mixed Platforms.Build.0 = Release|Any CPU
		{320E3896-222E-4AD4-8693-C1F5405E87A7}.AppStore|x86.ActiveCfg = Release|Any CPU
		{320E3896-222E-4AD4-8693-C1F5405E87A7}.Debug|Any CPU.ActiveCfg = Debug|Any CPU
		{320E3896-222E-4AD4-8693-C1F5405E87A7}.Debug|Any CPU.Build.0 = Debug|Any CPU
		{320E3896-222E-4AD4-8693-C1F5405E87A7}.Debug|ARM.ActiveCfg = Debug|Any CPU
		{320E3896-222E-4AD4-8693-C1F5405E87A7}.Debug|ARM.Build.0 = Debug|Any CPU
		{320E3896-222E-4AD4-8693-C1F5405E87A7}.Debug|iPhone.ActiveCfg = Debug|Any CPU
		{320E3896-222E-4AD4-8693-C1F5405E87A7}.Debug|iPhoneSimulator.ActiveCfg = Debug|Any CPU
		{320E3896-222E-4AD4-8693-C1F5405E87A7}.Debug|Mixed Platforms.ActiveCfg = Debug|Any CPU
		{320E3896-222E-4AD4-8693-C1F5405E87A7}.Debug|Mixed Platforms.Build.0 = Debug|Any CPU
		{320E3896-222E-4AD4-8693-C1F5405E87A7}.Debug|x86.ActiveCfg = Debug|Any CPU
		{320E3896-222E-4AD4-8693-C1F5405E87A7}.Debug|x86.Build.0 = Debug|Any CPU
		{320E3896-222E-4AD4-8693-C1F5405E87A7}.Release|Any CPU.ActiveCfg = Release|Any CPU
		{320E3896-222E-4AD4-8693-C1F5405E87A7}.Release|Any CPU.Build.0 = Release|Any CPU
		{320E3896-222E-4AD4-8693-C1F5405E87A7}.Release|ARM.ActiveCfg = Release|Any CPU
		{320E3896-222E-4AD4-8693-C1F5405E87A7}.Release|iPhone.ActiveCfg = Release|Any CPU
		{320E3896-222E-4AD4-8693-C1F5405E87A7}.Release|iPhoneSimulator.ActiveCfg = Release|Any CPU
		{320E3896-222E-4AD4-8693-C1F5405E87A7}.Release|Mixed Platforms.ActiveCfg = Release|Any CPU
		{320E3896-222E-4AD4-8693-C1F5405E87A7}.Release|Mixed Platforms.Build.0 = Release|Any CPU
		{320E3896-222E-4AD4-8693-C1F5405E87A7}.Release|x86.ActiveCfg = Release|Any CPU
		{55250E39-0687-4B4E-83F2-AFDC7A54C336}.Ad-Hoc|Any CPU.ActiveCfg = Ad-Hoc|iPhone
		{55250E39-0687-4B4E-83F2-AFDC7A54C336}.Ad-Hoc|ARM.ActiveCfg = Ad-Hoc|iPhone
		{55250E39-0687-4B4E-83F2-AFDC7A54C336}.Ad-Hoc|iPhone.ActiveCfg = Ad-Hoc|iPhone
		{55250E39-0687-4B4E-83F2-AFDC7A54C336}.Ad-Hoc|iPhone.Build.0 = Ad-Hoc|iPhone
		{55250E39-0687-4B4E-83F2-AFDC7A54C336}.Ad-Hoc|iPhone.Deploy.0 = Ad-Hoc|iPhone
		{55250E39-0687-4B4E-83F2-AFDC7A54C336}.Ad-Hoc|iPhoneSimulator.ActiveCfg = Ad-Hoc|iPhoneSimulator
		{55250E39-0687-4B4E-83F2-AFDC7A54C336}.Ad-Hoc|iPhoneSimulator.Build.0 = Ad-Hoc|iPhoneSimulator
		{55250E39-0687-4B4E-83F2-AFDC7A54C336}.Ad-Hoc|iPhoneSimulator.Deploy.0 = Ad-Hoc|iPhoneSimulator
		{55250E39-0687-4B4E-83F2-AFDC7A54C336}.Ad-Hoc|Mixed Platforms.ActiveCfg = Ad-Hoc|iPhone
		{55250E39-0687-4B4E-83F2-AFDC7A54C336}.Ad-Hoc|Mixed Platforms.Build.0 = Ad-Hoc|iPhone
		{55250E39-0687-4B4E-83F2-AFDC7A54C336}.Ad-Hoc|Mixed Platforms.Deploy.0 = Ad-Hoc|iPhone
		{55250E39-0687-4B4E-83F2-AFDC7A54C336}.Ad-Hoc|x86.ActiveCfg = Ad-Hoc|iPhone
		{55250E39-0687-4B4E-83F2-AFDC7A54C336}.AppStore|Any CPU.ActiveCfg = AppStore|iPhone
		{55250E39-0687-4B4E-83F2-AFDC7A54C336}.AppStore|ARM.ActiveCfg = AppStore|iPhone
		{55250E39-0687-4B4E-83F2-AFDC7A54C336}.AppStore|iPhone.ActiveCfg = AppStore|iPhone
		{55250E39-0687-4B4E-83F2-AFDC7A54C336}.AppStore|iPhone.Build.0 = AppStore|iPhone
		{55250E39-0687-4B4E-83F2-AFDC7A54C336}.AppStore|iPhone.Deploy.0 = AppStore|iPhone
		{55250E39-0687-4B4E-83F2-AFDC7A54C336}.AppStore|iPhoneSimulator.ActiveCfg = AppStore|iPhoneSimulator
		{55250E39-0687-4B4E-83F2-AFDC7A54C336}.AppStore|iPhoneSimulator.Build.0 = AppStore|iPhoneSimulator
		{55250E39-0687-4B4E-83F2-AFDC7A54C336}.AppStore|iPhoneSimulator.Deploy.0 = AppStore|iPhoneSimulator
		{55250E39-0687-4B4E-83F2-AFDC7A54C336}.AppStore|Mixed Platforms.ActiveCfg = AppStore|iPhone
		{55250E39-0687-4B4E-83F2-AFDC7A54C336}.AppStore|Mixed Platforms.Build.0 = AppStore|iPhone
		{55250E39-0687-4B4E-83F2-AFDC7A54C336}.AppStore|Mixed Platforms.Deploy.0 = AppStore|iPhone
		{55250E39-0687-4B4E-83F2-AFDC7A54C336}.AppStore|x86.ActiveCfg = AppStore|iPhone
		{55250E39-0687-4B4E-83F2-AFDC7A54C336}.Debug|Any CPU.ActiveCfg = Debug|iPhone
		{55250E39-0687-4B4E-83F2-AFDC7A54C336}.Debug|Any CPU.Build.0 = Debug|iPhone
		{55250E39-0687-4B4E-83F2-AFDC7A54C336}.Debug|Any CPU.Deploy.0 = Debug|iPhone
		{55250E39-0687-4B4E-83F2-AFDC7A54C336}.Debug|ARM.ActiveCfg = Debug|iPhone
		{55250E39-0687-4B4E-83F2-AFDC7A54C336}.Debug|ARM.Build.0 = Debug|iPhone
		{55250E39-0687-4B4E-83F2-AFDC7A54C336}.Debug|ARM.Deploy.0 = Debug|iPhone
		{55250E39-0687-4B4E-83F2-AFDC7A54C336}.Debug|iPhone.ActiveCfg = Debug|iPhone
		{55250E39-0687-4B4E-83F2-AFDC7A54C336}.Debug|iPhone.Build.0 = Debug|iPhone
		{55250E39-0687-4B4E-83F2-AFDC7A54C336}.Debug|iPhone.Deploy.0 = Debug|iPhone
		{55250E39-0687-4B4E-83F2-AFDC7A54C336}.Debug|iPhoneSimulator.ActiveCfg = Debug|iPhoneSimulator
		{55250E39-0687-4B4E-83F2-AFDC7A54C336}.Debug|iPhoneSimulator.Build.0 = Debug|iPhoneSimulator
		{55250E39-0687-4B4E-83F2-AFDC7A54C336}.Debug|iPhoneSimulator.Deploy.0 = Debug|iPhoneSimulator
		{55250E39-0687-4B4E-83F2-AFDC7A54C336}.Debug|Mixed Platforms.ActiveCfg = Debug|iPhone
		{55250E39-0687-4B4E-83F2-AFDC7A54C336}.Debug|Mixed Platforms.Build.0 = Debug|iPhone
		{55250E39-0687-4B4E-83F2-AFDC7A54C336}.Debug|Mixed Platforms.Deploy.0 = Debug|iPhone
		{55250E39-0687-4B4E-83F2-AFDC7A54C336}.Debug|x86.ActiveCfg = Debug|iPhone
		{55250E39-0687-4B4E-83F2-AFDC7A54C336}.Debug|x86.Build.0 = Debug|iPhone
		{55250E39-0687-4B4E-83F2-AFDC7A54C336}.Debug|x86.Deploy.0 = Debug|iPhone
		{55250E39-0687-4B4E-83F2-AFDC7A54C336}.Release|Any CPU.ActiveCfg = Release|iPhone
		{55250E39-0687-4B4E-83F2-AFDC7A54C336}.Release|ARM.ActiveCfg = Release|iPhone
		{55250E39-0687-4B4E-83F2-AFDC7A54C336}.Release|iPhone.ActiveCfg = Release|iPhone
		{55250E39-0687-4B4E-83F2-AFDC7A54C336}.Release|iPhone.Build.0 = Release|iPhone
		{55250E39-0687-4B4E-83F2-AFDC7A54C336}.Release|iPhone.Deploy.0 = Release|iPhone
		{55250E39-0687-4B4E-83F2-AFDC7A54C336}.Release|iPhoneSimulator.ActiveCfg = Release|iPhoneSimulator
		{55250E39-0687-4B4E-83F2-AFDC7A54C336}.Release|iPhoneSimulator.Build.0 = Release|iPhoneSimulator
		{55250E39-0687-4B4E-83F2-AFDC7A54C336}.Release|iPhoneSimulator.Deploy.0 = Release|iPhoneSimulator
		{55250E39-0687-4B4E-83F2-AFDC7A54C336}.Release|Mixed Platforms.ActiveCfg = Release|iPhone
		{55250E39-0687-4B4E-83F2-AFDC7A54C336}.Release|Mixed Platforms.Build.0 = Release|iPhone
		{55250E39-0687-4B4E-83F2-AFDC7A54C336}.Release|Mixed Platforms.Deploy.0 = Release|iPhone
		{55250E39-0687-4B4E-83F2-AFDC7A54C336}.Release|x86.ActiveCfg = Release|iPhone
		{BC76B2BF-7C0D-4716-A966-0537415EAD66}.Ad-Hoc|Any CPU.ActiveCfg = Release|Any CPU
		{BC76B2BF-7C0D-4716-A966-0537415EAD66}.Ad-Hoc|Any CPU.Build.0 = Release|Any CPU
		{BC76B2BF-7C0D-4716-A966-0537415EAD66}.Ad-Hoc|Any CPU.Deploy.0 = Release|Any CPU
		{BC76B2BF-7C0D-4716-A966-0537415EAD66}.Ad-Hoc|ARM.ActiveCfg = Release|Any CPU
		{BC76B2BF-7C0D-4716-A966-0537415EAD66}.Ad-Hoc|iPhone.ActiveCfg = Release|Any CPU
		{BC76B2BF-7C0D-4716-A966-0537415EAD66}.Ad-Hoc|iPhoneSimulator.ActiveCfg = Release|Any CPU
		{BC76B2BF-7C0D-4716-A966-0537415EAD66}.Ad-Hoc|Mixed Platforms.ActiveCfg = Release|Any CPU
		{BC76B2BF-7C0D-4716-A966-0537415EAD66}.Ad-Hoc|Mixed Platforms.Build.0 = Release|Any CPU
		{BC76B2BF-7C0D-4716-A966-0537415EAD66}.Ad-Hoc|Mixed Platforms.Deploy.0 = Release|Any CPU
		{BC76B2BF-7C0D-4716-A966-0537415EAD66}.Ad-Hoc|x86.ActiveCfg = Release|Any CPU
		{BC76B2BF-7C0D-4716-A966-0537415EAD66}.AppStore|Any CPU.ActiveCfg = Release|Any CPU
		{BC76B2BF-7C0D-4716-A966-0537415EAD66}.AppStore|Any CPU.Build.0 = Release|Any CPU
		{BC76B2BF-7C0D-4716-A966-0537415EAD66}.AppStore|Any CPU.Deploy.0 = Release|Any CPU
		{BC76B2BF-7C0D-4716-A966-0537415EAD66}.AppStore|ARM.ActiveCfg = Release|Any CPU
		{BC76B2BF-7C0D-4716-A966-0537415EAD66}.AppStore|iPhone.ActiveCfg = Release|Any CPU
		{BC76B2BF-7C0D-4716-A966-0537415EAD66}.AppStore|iPhoneSimulator.ActiveCfg = Release|Any CPU
		{BC76B2BF-7C0D-4716-A966-0537415EAD66}.AppStore|Mixed Platforms.ActiveCfg = Release|Any CPU
		{BC76B2BF-7C0D-4716-A966-0537415EAD66}.AppStore|Mixed Platforms.Build.0 = Release|Any CPU
		{BC76B2BF-7C0D-4716-A966-0537415EAD66}.AppStore|Mixed Platforms.Deploy.0 = Release|Any CPU
		{BC76B2BF-7C0D-4716-A966-0537415EAD66}.AppStore|x86.ActiveCfg = Release|Any CPU
		{BC76B2BF-7C0D-4716-A966-0537415EAD66}.Debug|Any CPU.ActiveCfg = Debug|Any CPU
		{BC76B2BF-7C0D-4716-A966-0537415EAD66}.Debug|Any CPU.Build.0 = Debug|Any CPU
		{BC76B2BF-7C0D-4716-A966-0537415EAD66}.Debug|Any CPU.Deploy.0 = Debug|Any CPU
		{BC76B2BF-7C0D-4716-A966-0537415EAD66}.Debug|ARM.ActiveCfg = Debug|Any CPU
		{BC76B2BF-7C0D-4716-A966-0537415EAD66}.Debug|ARM.Build.0 = Debug|Any CPU
		{BC76B2BF-7C0D-4716-A966-0537415EAD66}.Debug|ARM.Deploy.0 = Debug|Any CPU
		{BC76B2BF-7C0D-4716-A966-0537415EAD66}.Debug|iPhone.ActiveCfg = Debug|Any CPU
		{BC76B2BF-7C0D-4716-A966-0537415EAD66}.Debug|iPhoneSimulator.ActiveCfg = Debug|Any CPU
		{BC76B2BF-7C0D-4716-A966-0537415EAD66}.Debug|Mixed Platforms.ActiveCfg = Debug|Any CPU
		{BC76B2BF-7C0D-4716-A966-0537415EAD66}.Debug|Mixed Platforms.Build.0 = Debug|Any CPU
		{BC76B2BF-7C0D-4716-A966-0537415EAD66}.Debug|Mixed Platforms.Deploy.0 = Debug|Any CPU
		{BC76B2BF-7C0D-4716-A966-0537415EAD66}.Debug|x86.ActiveCfg = Debug|Any CPU
		{BC76B2BF-7C0D-4716-A966-0537415EAD66}.Debug|x86.Build.0 = Debug|Any CPU
		{BC76B2BF-7C0D-4716-A966-0537415EAD66}.Debug|x86.Deploy.0 = Debug|Any CPU
		{BC76B2BF-7C0D-4716-A966-0537415EAD66}.Release|Any CPU.ActiveCfg = Release|Any CPU
		{BC76B2BF-7C0D-4716-A966-0537415EAD66}.Release|Any CPU.Build.0 = Release|Any CPU
		{BC76B2BF-7C0D-4716-A966-0537415EAD66}.Release|Any CPU.Deploy.0 = Release|Any CPU
		{BC76B2BF-7C0D-4716-A966-0537415EAD66}.Release|ARM.ActiveCfg = Release|Any CPU
		{BC76B2BF-7C0D-4716-A966-0537415EAD66}.Release|iPhone.ActiveCfg = Release|Any CPU
		{BC76B2BF-7C0D-4716-A966-0537415EAD66}.Release|iPhoneSimulator.ActiveCfg = Release|Any CPU
		{BC76B2BF-7C0D-4716-A966-0537415EAD66}.Release|Mixed Platforms.ActiveCfg = Release|Any CPU
		{BC76B2BF-7C0D-4716-A966-0537415EAD66}.Release|Mixed Platforms.Build.0 = Release|Any CPU
		{BC76B2BF-7C0D-4716-A966-0537415EAD66}.Release|Mixed Platforms.Deploy.0 = Release|Any CPU
		{BC76B2BF-7C0D-4716-A966-0537415EAD66}.Release|x86.ActiveCfg = Release|Any CPU
		{7B4D58B7-498B-487E-B30B-50706DC2C92E}.Ad-Hoc|Any CPU.ActiveCfg = Release|Any CPU
		{7B4D58B7-498B-487E-B30B-50706DC2C92E}.Ad-Hoc|Any CPU.Build.0 = Release|Any CPU
		{7B4D58B7-498B-487E-B30B-50706DC2C92E}.Ad-Hoc|Any CPU.Deploy.0 = Release|Any CPU
		{7B4D58B7-498B-487E-B30B-50706DC2C92E}.Ad-Hoc|ARM.ActiveCfg = Release|ARM
		{7B4D58B7-498B-487E-B30B-50706DC2C92E}.Ad-Hoc|ARM.Build.0 = Release|ARM
		{7B4D58B7-498B-487E-B30B-50706DC2C92E}.Ad-Hoc|ARM.Deploy.0 = Release|ARM
		{7B4D58B7-498B-487E-B30B-50706DC2C92E}.Ad-Hoc|iPhone.ActiveCfg = Release|Any CPU
		{7B4D58B7-498B-487E-B30B-50706DC2C92E}.Ad-Hoc|iPhoneSimulator.ActiveCfg = Release|Any CPU
		{7B4D58B7-498B-487E-B30B-50706DC2C92E}.Ad-Hoc|Mixed Platforms.ActiveCfg = Release|x86
		{7B4D58B7-498B-487E-B30B-50706DC2C92E}.Ad-Hoc|Mixed Platforms.Build.0 = Release|x86
		{7B4D58B7-498B-487E-B30B-50706DC2C92E}.Ad-Hoc|Mixed Platforms.Deploy.0 = Release|x86
		{7B4D58B7-498B-487E-B30B-50706DC2C92E}.Ad-Hoc|x86.ActiveCfg = Release|x86
		{7B4D58B7-498B-487E-B30B-50706DC2C92E}.Ad-Hoc|x86.Build.0 = Release|x86
		{7B4D58B7-498B-487E-B30B-50706DC2C92E}.Ad-Hoc|x86.Deploy.0 = Release|x86
		{7B4D58B7-498B-487E-B30B-50706DC2C92E}.AppStore|Any CPU.ActiveCfg = Release|Any CPU
		{7B4D58B7-498B-487E-B30B-50706DC2C92E}.AppStore|Any CPU.Build.0 = Release|Any CPU
		{7B4D58B7-498B-487E-B30B-50706DC2C92E}.AppStore|Any CPU.Deploy.0 = Release|Any CPU
		{7B4D58B7-498B-487E-B30B-50706DC2C92E}.AppStore|ARM.ActiveCfg = Release|ARM
		{7B4D58B7-498B-487E-B30B-50706DC2C92E}.AppStore|ARM.Build.0 = Release|ARM
		{7B4D58B7-498B-487E-B30B-50706DC2C92E}.AppStore|ARM.Deploy.0 = Release|ARM
		{7B4D58B7-498B-487E-B30B-50706DC2C92E}.AppStore|iPhone.ActiveCfg = Release|Any CPU
		{7B4D58B7-498B-487E-B30B-50706DC2C92E}.AppStore|iPhoneSimulator.ActiveCfg = Release|Any CPU
		{7B4D58B7-498B-487E-B30B-50706DC2C92E}.AppStore|Mixed Platforms.ActiveCfg = Release|x86
		{7B4D58B7-498B-487E-B30B-50706DC2C92E}.AppStore|Mixed Platforms.Build.0 = Release|x86
		{7B4D58B7-498B-487E-B30B-50706DC2C92E}.AppStore|Mixed Platforms.Deploy.0 = Release|x86
		{7B4D58B7-498B-487E-B30B-50706DC2C92E}.AppStore|x86.ActiveCfg = Release|x86
		{7B4D58B7-498B-487E-B30B-50706DC2C92E}.AppStore|x86.Build.0 = Release|x86
		{7B4D58B7-498B-487E-B30B-50706DC2C92E}.AppStore|x86.Deploy.0 = Release|x86
		{7B4D58B7-498B-487E-B30B-50706DC2C92E}.Debug|Any CPU.ActiveCfg = Debug|Any CPU
		{7B4D58B7-498B-487E-B30B-50706DC2C92E}.Debug|Any CPU.Build.0 = Debug|Any CPU
		{7B4D58B7-498B-487E-B30B-50706DC2C92E}.Debug|Any CPU.Deploy.0 = Debug|Any CPU
		{7B4D58B7-498B-487E-B30B-50706DC2C92E}.Debug|ARM.ActiveCfg = Debug|ARM
		{7B4D58B7-498B-487E-B30B-50706DC2C92E}.Debug|ARM.Build.0 = Debug|ARM
		{7B4D58B7-498B-487E-B30B-50706DC2C92E}.Debug|ARM.Deploy.0 = Debug|ARM
		{7B4D58B7-498B-487E-B30B-50706DC2C92E}.Debug|iPhone.ActiveCfg = Debug|Any CPU
		{7B4D58B7-498B-487E-B30B-50706DC2C92E}.Debug|iPhoneSimulator.ActiveCfg = Debug|Any CPU
		{7B4D58B7-498B-487E-B30B-50706DC2C92E}.Debug|Mixed Platforms.ActiveCfg = Debug|x86
		{7B4D58B7-498B-487E-B30B-50706DC2C92E}.Debug|Mixed Platforms.Build.0 = Debug|x86
		{7B4D58B7-498B-487E-B30B-50706DC2C92E}.Debug|Mixed Platforms.Deploy.0 = Debug|x86
		{7B4D58B7-498B-487E-B30B-50706DC2C92E}.Debug|x86.ActiveCfg = Debug|x86
		{7B4D58B7-498B-487E-B30B-50706DC2C92E}.Debug|x86.Build.0 = Debug|x86
		{7B4D58B7-498B-487E-B30B-50706DC2C92E}.Debug|x86.Deploy.0 = Debug|x86
		{7B4D58B7-498B-487E-B30B-50706DC2C92E}.Release|Any CPU.ActiveCfg = Release|Any CPU
		{7B4D58B7-498B-487E-B30B-50706DC2C92E}.Release|Any CPU.Build.0 = Release|Any CPU
		{7B4D58B7-498B-487E-B30B-50706DC2C92E}.Release|Any CPU.Deploy.0 = Release|Any CPU
		{7B4D58B7-498B-487E-B30B-50706DC2C92E}.Release|ARM.ActiveCfg = Release|ARM
		{7B4D58B7-498B-487E-B30B-50706DC2C92E}.Release|ARM.Build.0 = Release|ARM
		{7B4D58B7-498B-487E-B30B-50706DC2C92E}.Release|ARM.Deploy.0 = Release|ARM
		{7B4D58B7-498B-487E-B30B-50706DC2C92E}.Release|iPhone.ActiveCfg = Release|Any CPU
		{7B4D58B7-498B-487E-B30B-50706DC2C92E}.Release|iPhoneSimulator.ActiveCfg = Release|Any CPU
		{7B4D58B7-498B-487E-B30B-50706DC2C92E}.Release|Mixed Platforms.ActiveCfg = Release|x86
		{7B4D58B7-498B-487E-B30B-50706DC2C92E}.Release|Mixed Platforms.Build.0 = Release|x86
		{7B4D58B7-498B-487E-B30B-50706DC2C92E}.Release|Mixed Platforms.Deploy.0 = Release|x86
		{7B4D58B7-498B-487E-B30B-50706DC2C92E}.Release|x86.ActiveCfg = Release|x86
		{7B4D58B7-498B-487E-B30B-50706DC2C92E}.Release|x86.Build.0 = Release|x86
		{7B4D58B7-498B-487E-B30B-50706DC2C92E}.Release|x86.Deploy.0 = Release|x86
	EndGlobalSection
	GlobalSection(SolutionProperties) = preSolution
		HideSolutionNode = FALSE
	EndGlobalSection
EndGlobal
